
Microsoft Visual Studio Solution File, Format Version 12.00
# Visual Studio Version 16
VisualStudioVersion = 16.0.28803.352
MinimumVisualStudioVersion = 10.0.40219.1
Project("{9A19103F-16F7-4668-BE54-9A1E7A4F7556}") = "ngFormey.Web", "WebApplication1\ngFormey.Web.csproj", "{04E445FA-E58D-41F4-9857-555C2151F9CE}"
EndProject
Global
	GlobalSection(SolutionConfigurationPlatforms) = preSolution
		Debug|Any CPU = Debug|Any CPU
		Release|Any CPU = Release|Any CPU
	EndGlobalSection
	GlobalSection(ProjectConfigurationPlatforms) = postSolution
		{04E445FA-E58D-41F4-9857-555C2151F9CE}.Debug|Any CPU.ActiveCfg = Debug|Any CPU
		{04E445FA-E58D-41F4-9857-555C2151F9CE}.Debug|Any CPU.Build.0 = Debug|Any CPU
		{04E445FA-E58D-41F4-9857-555C2151F9CE}.Release|Any CPU.ActiveCfg = Release|Any CPU
		{04E445FA-E58D-41F4-9857-555C2151F9CE}.Release|Any CPU.Build.0 = Release|Any CPU
	EndGlobalSection
	GlobalSection(SolutionProperties) = preSolution
		HideSolutionNode = FALSE
	EndGlobalSection
	GlobalSection(ExtensibilityGlobals) = postSolution
		SolutionGuid = {5DA3F502-74BC-454E-8162-5CF9E7933AD3}
	EndGlobalSection
EndGlobal
